// !$*UTF8*$!
{
	archiveVersion = 1;
	classes = {
	};
	objectVersion = 56;
	objects = {

/* Begin PBXBuildFile section */
		580E3B5C28F72D13006A2A7A /* AppDelegate.swift in Sources */ = {isa = PBXBuildFile; fileRef = 580E3B5B28F72D13006A2A7A /* AppDelegate.swift */; };
		580E3B5E28F72D13006A2A7A /* SceneDelegate.swift in Sources */ = {isa = PBXBuildFile; fileRef = 580E3B5D28F72D13006A2A7A /* SceneDelegate.swift */; };
		580E3B6028F72D13006A2A7A /* ViewController.swift in Sources */ = {isa = PBXBuildFile; fileRef = 580E3B5F28F72D13006A2A7A /* ViewController.swift */; };
		580E3B6328F72D13006A2A7A /* Main.storyboard in Resources */ = {isa = PBXBuildFile; fileRef = 580E3B6128F72D13006A2A7A /* Main.storyboard */; };
		580E3B6528F72D14006A2A7A /* Assets.xcassets in Resources */ = {isa = PBXBuildFile; fileRef = 580E3B6428F72D14006A2A7A /* Assets.xcassets */; };
		580E3B6828F72D14006A2A7A /* LaunchScreen.storyboard in Resources */ = {isa = PBXBuildFile; fileRef = 580E3B6628F72D14006A2A7A /* LaunchScreen.storyboard */; };
		580E3B7328F72D14006A2A7A /* MovieDBTests.swift in Sources */ = {isa = PBXBuildFile; fileRef = 580E3B7228F72D14006A2A7A /* MovieDBTests.swift */; };
		580E3B8F28F7306D006A2A7A /* ColorAssets.xcassets in Resources */ = {isa = PBXBuildFile; fileRef = 580E3B8E28F7306D006A2A7A /* ColorAssets.xcassets */; };
		584C0F2E28F7ADCE00A45ED0 /* HomePageViewController.swift in Sources */ = {isa = PBXBuildFile; fileRef = 584C0F2C28F7ADCE00A45ED0 /* HomePageViewController.swift */; };
		584C0F2F28F7ADCE00A45ED0 /* HomePageViewController.xib in Resources */ = {isa = PBXBuildFile; fileRef = 584C0F2D28F7ADCE00A45ED0 /* HomePageViewController.xib */; };
		584C0F3328F7B2C900A45ED0 /* TVShowCollectionViewCell.swift in Sources */ = {isa = PBXBuildFile; fileRef = 584C0F3128F7B2C900A45ED0 /* TVShowCollectionViewCell.swift */; };
		584C0F3428F7B2C900A45ED0 /* TVShowCollectionViewCell.xib in Resources */ = {isa = PBXBuildFile; fileRef = 584C0F3228F7B2C900A45ED0 /* TVShowCollectionViewCell.xib */; };
		584C0F3828F7EE4600A45ED0 /* UIViewController+Extensions.swift in Sources */ = {isa = PBXBuildFile; fileRef = 584C0F3728F7EE4600A45ED0 /* UIViewController+Extensions.swift */; };
		584C0F3A28F7EE9300A45ED0 /* Constants.swift in Sources */ = {isa = PBXBuildFile; fileRef = 584C0F3928F7EE9300A45ED0 /* Constants.swift */; };
		584C0F3F28F7F57500A45ED0 /* SF-Pro-Text-Regular.ttf in Resources */ = {isa = PBXBuildFile; fileRef = 584C0F3C28F7F3B700A45ED0 /* SF-Pro-Text-Regular.ttf */; };
		584C0F4028F7F57800A45ED0 /* SF-Pro-Text-Bold.ttf in Resources */ = {isa = PBXBuildFile; fileRef = 584C0F3B28F7F3B100A45ED0 /* SF-Pro-Text-Bold.ttf */; };
		584C0F4128F7F57B00A45ED0 /* SF-Pro-Text-Medium.ttf in Resources */ = {isa = PBXBuildFile; fileRef = 584C0F3E28F7F48800A45ED0 /* SF-Pro-Text-Medium.ttf */; };
		584C0F4428F804A900A45ED0 /* IQKeyboardManagerSwift in Frameworks */ = {isa = PBXBuildFile; productRef = 584C0F4328F804A900A45ED0 /* IQKeyboardManagerSwift */; };
		584C0F4628F809A600A45ED0 /* UICollectionViewGenericDelegate.swift in Sources */ = {isa = PBXBuildFile; fileRef = 584C0F4528F809A600A45ED0 /* UICollectionViewGenericDelegate.swift */; };
		584C0F4828F8139600A45ED0 /* UIView+Extensions.swift in Sources */ = {isa = PBXBuildFile; fileRef = 584C0F4728F8139600A45ED0 /* UIView+Extensions.swift */; };
		584C0F4C28F81FBF00A45ED0 /* CustomError.swift in Sources */ = {isa = PBXBuildFile; fileRef = 584C0F4B28F81FBF00A45ED0 /* CustomError.swift */; };
		584C0F4E28F81FDC00A45ED0 /* NetworkingErrorHandler.swift in Sources */ = {isa = PBXBuildFile; fileRef = 584C0F4D28F81FDC00A45ED0 /* NetworkingErrorHandler.swift */; };
		584C0F5028F81FF400A45ED0 /* NetworkClass.swift in Sources */ = {isa = PBXBuildFile; fileRef = 584C0F4F28F81FF400A45ED0 /* NetworkClass.swift */; };
		584C0F5228F83E3800A45ED0 /* MovieModel.swift in Sources */ = {isa = PBXBuildFile; fileRef = 584C0F5128F83E3800A45ED0 /* MovieModel.swift */; };
		584C0F5428F8408F00A45ED0 /* ApiEndPointHandler.swift in Sources */ = {isa = PBXBuildFile; fileRef = 584C0F5328F8408F00A45ED0 /* ApiEndPointHandler.swift */; };
		584C0F5628F8473B00A45ED0 /* HomePageViewModel.swift in Sources */ = {isa = PBXBuildFile; fileRef = 584C0F5528F8473B00A45ED0 /* HomePageViewModel.swift */; };
		584C0F5828F8910600A45ED0 /* StructToModelAllCategories.swift in Sources */ = {isa = PBXBuildFile; fileRef = 584C0F5728F8910600A45ED0 /* StructToModelAllCategories.swift */; };
		584C0F5A28F8B9E700A45ED0 /* NetworkServiceProtocol.swift in Sources */ = {isa = PBXBuildFile; fileRef = 584C0F5928F8B9E700A45ED0 /* NetworkServiceProtocol.swift */; };
		584C0F6028F965D100A45ED0 /* SDWebImage in Frameworks */ = {isa = PBXBuildFile; productRef = 584C0F5F28F965D100A45ED0 /* SDWebImage */; };
/* End PBXBuildFile section */

/* Begin PBXContainerItemProxy section */
		580E3B6F28F72D14006A2A7A /* PBXContainerItemProxy */ = {
			isa = PBXContainerItemProxy;
			containerPortal = 580E3B5028F72D13006A2A7A /* Project object */;
			proxyType = 1;
			remoteGlobalIDString = 580E3B5728F72D13006A2A7A;
			remoteInfo = MovieDB;
		};
		580E3B7928F72D14006A2A7A /* PBXContainerItemProxy */ = {
			isa = PBXContainerItemProxy;
			containerPortal = 580E3B5028F72D13006A2A7A /* Project object */;
			proxyType = 1;
			remoteGlobalIDString = 580E3B5728F72D13006A2A7A;
			remoteInfo = MovieDB;
		};
/* End PBXContainerItemProxy section */

/* Begin PBXFileReference section */
		580E3B5828F72D13006A2A7A /* MovieDB.app */ = {isa = PBXFileReference; explicitFileType = wrapper.application; includeInIndex = 0; path = MovieDB.app; sourceTree = BUILT_PRODUCTS_DIR; };
		580E3B5B28F72D13006A2A7A /* AppDelegate.swift */ = {isa = PBXFileReference; lastKnownFileType = sourcecode.swift; path = AppDelegate.swift; sourceTree = "<group>"; };
		580E3B5D28F72D13006A2A7A /* SceneDelegate.swift */ = {isa = PBXFileReference; lastKnownFileType = sourcecode.swift; path = SceneDelegate.swift; sourceTree = "<group>"; };
		580E3B5F28F72D13006A2A7A /* ViewController.swift */ = {isa = PBXFileReference; lastKnownFileType = sourcecode.swift; path = ViewController.swift; sourceTree = "<group>"; };
		580E3B6228F72D13006A2A7A /* Base */ = {isa = PBXFileReference; lastKnownFileType = file.storyboard; name = Base; path = Base.lproj/Main.storyboard; sourceTree = "<group>"; };
		580E3B6428F72D14006A2A7A /* Assets.xcassets */ = {isa = PBXFileReference; lastKnownFileType = folder.assetcatalog; path = Assets.xcassets; sourceTree = "<group>"; };
		580E3B6728F72D14006A2A7A /* Base */ = {isa = PBXFileReference; lastKnownFileType = file.storyboard; name = Base; path = Base.lproj/LaunchScreen.storyboard; sourceTree = "<group>"; };
		580E3B6928F72D14006A2A7A /* Info.plist */ = {isa = PBXFileReference; lastKnownFileType = text.plist.xml; path = Info.plist; sourceTree = "<group>"; };
		580E3B6E28F72D14006A2A7A /* MovieDBTests.xctest */ = {isa = PBXFileReference; explicitFileType = wrapper.cfbundle; includeInIndex = 0; path = MovieDBTests.xctest; sourceTree = BUILT_PRODUCTS_DIR; };
		580E3B7228F72D14006A2A7A /* MovieDBTests.swift */ = {isa = PBXFileReference; lastKnownFileType = sourcecode.swift; path = MovieDBTests.swift; sourceTree = "<group>"; };
		580E3B7828F72D14006A2A7A /* MovieDBUITests.xctest */ = {isa = PBXFileReference; explicitFileType = wrapper.cfbundle; includeInIndex = 0; path = MovieDBUITests.xctest; sourceTree = BUILT_PRODUCTS_DIR; };
		580E3B8E28F7306D006A2A7A /* ColorAssets.xcassets */ = {isa = PBXFileReference; lastKnownFileType = folder.assetcatalog; path = ColorAssets.xcassets; sourceTree = "<group>"; };
		584C0F2C28F7ADCE00A45ED0 /* HomePageViewController.swift */ = {isa = PBXFileReference; lastKnownFileType = sourcecode.swift; path = HomePageViewController.swift; sourceTree = "<group>"; };
		584C0F2D28F7ADCE00A45ED0 /* HomePageViewController.xib */ = {isa = PBXFileReference; lastKnownFileType = file.xib; path = HomePageViewController.xib; sourceTree = "<group>"; };
		584C0F3128F7B2C900A45ED0 /* TVShowCollectionViewCell.swift */ = {isa = PBXFileReference; lastKnownFileType = sourcecode.swift; path = TVShowCollectionViewCell.swift; sourceTree = "<group>"; };
		584C0F3228F7B2C900A45ED0 /* TVShowCollectionViewCell.xib */ = {isa = PBXFileReference; lastKnownFileType = file.xib; path = TVShowCollectionViewCell.xib; sourceTree = "<group>"; };
		584C0F3728F7EE4600A45ED0 /* UIViewController+Extensions.swift */ = {isa = PBXFileReference; lastKnownFileType = sourcecode.swift; path = "UIViewController+Extensions.swift"; sourceTree = "<group>"; };
		584C0F3928F7EE9300A45ED0 /* Constants.swift */ = {isa = PBXFileReference; lastKnownFileType = sourcecode.swift; path = Constants.swift; sourceTree = "<group>"; };
		584C0F3B28F7F3B100A45ED0 /* SF-Pro-Text-Bold.ttf */ = {isa = PBXFileReference; lastKnownFileType = file; name = "SF-Pro-Text-Bold.ttf"; path = "../../../../../../../../../Downloads/Fonts/SF-Pro-Text-Bold.ttf"; sourceTree = "<group>"; };
		584C0F3C28F7F3B700A45ED0 /* SF-Pro-Text-Regular.ttf */ = {isa = PBXFileReference; lastKnownFileType = file; name = "SF-Pro-Text-Regular.ttf"; path = "../../../../../../../../../Downloads/Fonts/SF-Pro-Text-Regular.ttf"; sourceTree = "<group>"; };
		584C0F3E28F7F48800A45ED0 /* SF-Pro-Text-Medium.ttf */ = {isa = PBXFileReference; lastKnownFileType = file; name = "SF-Pro-Text-Medium.ttf"; path = "../../../../../../../../../Downloads/Fonts/SF-Pro-Text-Medium.ttf"; sourceTree = "<group>"; };
		584C0F4528F809A600A45ED0 /* UICollectionViewGenericDelegate.swift */ = {isa = PBXFileReference; lastKnownFileType = sourcecode.swift; path = UICollectionViewGenericDelegate.swift; sourceTree = "<group>"; };
		584C0F4728F8139600A45ED0 /* UIView+Extensions.swift */ = {isa = PBXFileReference; lastKnownFileType = sourcecode.swift; path = "UIView+Extensions.swift"; sourceTree = "<group>"; };
		584C0F4B28F81FBF00A45ED0 /* CustomError.swift */ = {isa = PBXFileReference; lastKnownFileType = sourcecode.swift; path = CustomError.swift; sourceTree = "<group>"; };
		584C0F4D28F81FDC00A45ED0 /* NetworkingErrorHandler.swift */ = {isa = PBXFileReference; lastKnownFileType = sourcecode.swift; path = NetworkingErrorHandler.swift; sourceTree = "<group>"; };
		584C0F4F28F81FF400A45ED0 /* NetworkClass.swift */ = {isa = PBXFileReference; lastKnownFileType = sourcecode.swift; path = NetworkClass.swift; sourceTree = "<group>"; };
		584C0F5128F83E3800A45ED0 /* MovieModel.swift */ = {isa = PBXFileReference; lastKnownFileType = sourcecode.swift; path = MovieModel.swift; sourceTree = "<group>"; };
		584C0F5328F8408F00A45ED0 /* ApiEndPointHandler.swift */ = {isa = PBXFileReference; lastKnownFileType = sourcecode.swift; path = ApiEndPointHandler.swift; sourceTree = "<group>"; };
		584C0F5528F8473B00A45ED0 /* HomePageViewModel.swift */ = {isa = PBXFileReference; lastKnownFileType = sourcecode.swift; path = HomePageViewModel.swift; sourceTree = "<group>"; };
		584C0F5728F8910600A45ED0 /* StructToModelAllCategories.swift */ = {isa = PBXFileReference; lastKnownFileType = sourcecode.swift; path = StructToModelAllCategories.swift; sourceTree = "<group>"; };
		584C0F5928F8B9E700A45ED0 /* NetworkServiceProtocol.swift */ = {isa = PBXFileReference; lastKnownFileType = sourcecode.swift; path = NetworkServiceProtocol.swift; sourceTree = "<group>"; };
/* End PBXFileReference section */

/* Begin PBXFrameworksBuildPhase section */
		580E3B5528F72D13006A2A7A /* Frameworks */ = {
			isa = PBXFrameworksBuildPhase;
			buildActionMask = 2147483647;
			files = (
				584C0F6028F965D100A45ED0 /* SDWebImage in Frameworks */,
				584C0F4428F804A900A45ED0 /* IQKeyboardManagerSwift in Frameworks */,
			);
			runOnlyForDeploymentPostprocessing = 0;
		};
		580E3B6B28F72D14006A2A7A /* Frameworks */ = {
			isa = PBXFrameworksBuildPhase;
			buildActionMask = 2147483647;
			files = (
			);
			runOnlyForDeploymentPostprocessing = 0;
		};
		580E3B7528F72D14006A2A7A /* Frameworks */ = {
			isa = PBXFrameworksBuildPhase;
			buildActionMask = 2147483647;
			files = (
			);
			runOnlyForDeploymentPostprocessing = 0;
		};
/* End PBXFrameworksBuildPhase section */

/* Begin PBXGroup section */
		580E3B4F28F72D13006A2A7A = {
			isa = PBXGroup;
			children = (
				580E3B5A28F72D13006A2A7A /* MovieDB */,
				580E3B7128F72D14006A2A7A /* MovieDBTests */,
				580E3B5928F72D13006A2A7A /* Products */,
			);
			sourceTree = "<group>";
		};
		580E3B5928F72D13006A2A7A /* Products */ = {
			isa = PBXGroup;
			children = (
				580E3B5828F72D13006A2A7A /* MovieDB.app */,
				580E3B6E28F72D14006A2A7A /* MovieDBTests.xctest */,
				580E3B7828F72D14006A2A7A /* MovieDBUITests.xctest */,
			);
			name = Products;
			sourceTree = "<group>";
		};
		580E3B5A28F72D13006A2A7A /* MovieDB */ = {
			isa = PBXGroup;
			children = (
				580E3B8B28F72FD6006A2A7A /* App */,
				580E3B9028F7308C006A2A7A /* AppView */,
				580E3B8C28F7301C006A2A7A /* CustomViews */,
				580E3B8D28F73027006A2A7A /* Utilities */,
				580E3B6128F72D13006A2A7A /* Main.storyboard */,
				584C0F2D28F7ADCE00A45ED0 /* HomePageViewController.xib */,
				580E3B6428F72D14006A2A7A /* Assets.xcassets */,
				580E3B8E28F7306D006A2A7A /* ColorAssets.xcassets */,
				580E3B6628F72D14006A2A7A /* LaunchScreen.storyboard */,
				580E3B6928F72D14006A2A7A /* Info.plist */,
			);
			path = MovieDB;
			sourceTree = "<group>";
		};
		580E3B7128F72D14006A2A7A /* MovieDBTests */ = {
			isa = PBXGroup;
			children = (
				580E3B7228F72D14006A2A7A /* MovieDBTests.swift */,
			);
			path = MovieDBTests;
			sourceTree = "<group>";
		};
		580E3B8B28F72FD6006A2A7A /* App */ = {
			isa = PBXGroup;
			children = (
				580E3B5B28F72D13006A2A7A /* AppDelegate.swift */,
				580E3B5D28F72D13006A2A7A /* SceneDelegate.swift */,
			);
			path = App;
			sourceTree = "<group>";
		};
		580E3B8C28F7301C006A2A7A /* CustomViews */ = {
			isa = PBXGroup;
			children = (
				584C0F3728F7EE4600A45ED0 /* UIViewController+Extensions.swift */,
				584C0F4528F809A600A45ED0 /* UICollectionViewGenericDelegate.swift */,
				584C0F4728F8139600A45ED0 /* UIView+Extensions.swift */,
			);
			path = CustomViews;
			sourceTree = "<group>";
		};
		580E3B8D28F73027006A2A7A /* Utilities */ = {
			isa = PBXGroup;
			children = (
				584C0F3928F7EE9300A45ED0 /* Constants.swift */,
				584C0F4A28F81FA400A45ED0 /* ServiceClass */,
				584C0F2828F77B5300A45ED0 /* Fonts */,
			);
			path = Utilities;
			sourceTree = "<group>";
		};
		580E3B9028F7308C006A2A7A /* AppView */ = {
			isa = PBXGroup;
			children = (
				580E3B9328F7311F006A2A7A /* View */,
				580E3B9228F730A6006A2A7A /* Model */,
				580E3B9128F7309C006A2A7A /* ViewModel */,
			);
			path = AppView;
			sourceTree = "<group>";
		};
		580E3B9128F7309C006A2A7A /* ViewModel */ = {
			isa = PBXGroup;
			children = (
				584C0F5528F8473B00A45ED0 /* HomePageViewModel.swift */,
			);
			path = ViewModel;
			sourceTree = "<group>";
		};
		580E3B9228F730A6006A2A7A /* Model */ = {
			isa = PBXGroup;
			children = (
				584C0F5128F83E3800A45ED0 /* MovieModel.swift */,
				584C0F5728F8910600A45ED0 /* StructToModelAllCategories.swift */,
			);
			path = Model;
			sourceTree = "<group>";
		};
		580E3B9328F7311F006A2A7A /* View */ = {
			isa = PBXGroup;
			children = (
				584C0F4928F81DAC00A45ED0 /* HomePage */,
			);
			path = View;
			sourceTree = "<group>";
		};
		584C0F2828F77B5300A45ED0 /* Fonts */ = {
			isa = PBXGroup;
			children = (
				584C0F3C28F7F3B700A45ED0 /* SF-Pro-Text-Regular.ttf */,
				584C0F3B28F7F3B100A45ED0 /* SF-Pro-Text-Bold.ttf */,
				584C0F3E28F7F48800A45ED0 /* SF-Pro-Text-Medium.ttf */,
			);
			path = Fonts;
			sourceTree = "<group>";
		};
		584C0F3028F7B24A00A45ED0 /* TVShowCell */ = {
			isa = PBXGroup;
			children = (
				584C0F3128F7B2C900A45ED0 /* TVShowCollectionViewCell.swift */,
				584C0F3228F7B2C900A45ED0 /* TVShowCollectionViewCell.xib */,
			);
			path = TVShowCell;
			sourceTree = "<group>";
		};
		584C0F4928F81DAC00A45ED0 /* HomePage */ = {
			isa = PBXGroup;
			children = (
				580E3B5F28F72D13006A2A7A /* ViewController.swift */,
				584C0F2C28F7ADCE00A45ED0 /* HomePageViewController.swift */,
				584C0F3028F7B24A00A45ED0 /* TVShowCell */,
			);
			path = HomePage;
			sourceTree = "<group>";
		};
		584C0F4A28F81FA400A45ED0 /* ServiceClass */ = {
			isa = PBXGroup;
			children = (
				584C0F4F28F81FF400A45ED0 /* NetworkClass.swift */,
				584C0F4B28F81FBF00A45ED0 /* CustomError.swift */,
				584C0F4D28F81FDC00A45ED0 /* NetworkingErrorHandler.swift */,
				584C0F5328F8408F00A45ED0 /* ApiEndPointHandler.swift */,
				584C0F5928F8B9E700A45ED0 /* NetworkServiceProtocol.swift */,
			);
			path = ServiceClass;
			sourceTree = "<group>";
		};
/* End PBXGroup section */

/* Begin PBXNativeTarget section */
		580E3B5728F72D13006A2A7A /* MovieDB */ = {
			isa = PBXNativeTarget;
			buildConfigurationList = 580E3B8228F72D14006A2A7A /* Build configuration list for PBXNativeTarget "MovieDB" */;
			buildPhases = (
				580E3B5428F72D13006A2A7A /* Sources */,
				580E3B5528F72D13006A2A7A /* Frameworks */,
				580E3B5628F72D13006A2A7A /* Resources */,
			);
			buildRules = (
			);
			dependencies = (
			);
			name = MovieDB;
			packageProductDependencies = (
				584C0F4328F804A900A45ED0 /* IQKeyboardManagerSwift */,
				584C0F5F28F965D100A45ED0 /* SDWebImage */,
			);
			productName = MovieDB;
			productReference = 580E3B5828F72D13006A2A7A /* MovieDB.app */;
			productType = "com.apple.product-type.application";
		};
		580E3B6D28F72D14006A2A7A /* MovieDBTests */ = {
			isa = PBXNativeTarget;
			buildConfigurationList = 580E3B8528F72D14006A2A7A /* Build configuration list for PBXNativeTarget "MovieDBTests" */;
			buildPhases = (
				580E3B6A28F72D14006A2A7A /* Sources */,
				580E3B6B28F72D14006A2A7A /* Frameworks */,
				580E3B6C28F72D14006A2A7A /* Resources */,
			);
			buildRules = (
			);
			dependencies = (
				580E3B7028F72D14006A2A7A /* PBXTargetDependency */,
			);
			name = MovieDBTests;
			productName = MovieDBTests;
			productReference = 580E3B6E28F72D14006A2A7A /* MovieDBTests.xctest */;
			productType = "com.apple.product-type.bundle.unit-test";
		};
		580E3B7728F72D14006A2A7A /* MovieDBUITests */ = {
			isa = PBXNativeTarget;
			buildConfigurationList = 580E3B8828F72D14006A2A7A /* Build configuration list for PBXNativeTarget "MovieDBUITests" */;
			buildPhases = (
				580E3B7428F72D14006A2A7A /* Sources */,
				580E3B7528F72D14006A2A7A /* Frameworks */,
				580E3B7628F72D14006A2A7A /* Resources */,
			);
			buildRules = (
			);
			dependencies = (
				580E3B7A28F72D14006A2A7A /* PBXTargetDependency */,
			);
			name = MovieDBUITests;
			productName = MovieDBUITests;
			productReference = 580E3B7828F72D14006A2A7A /* MovieDBUITests.xctest */;
			productType = "com.apple.product-type.bundle.ui-testing";
		};
/* End PBXNativeTarget section */

/* Begin PBXProject section */
		580E3B5028F72D13006A2A7A /* Project object */ = {
			isa = PBXProject;
			attributes = {
				BuildIndependentTargetsInParallel = 1;
				LastSwiftUpdateCheck = 1400;
				LastUpgradeCheck = 1400;
				TargetAttributes = {
					580E3B5728F72D13006A2A7A = {
						CreatedOnToolsVersion = 14.0;
					};
					580E3B6D28F72D14006A2A7A = {
						CreatedOnToolsVersion = 14.0;
						TestTargetID = 580E3B5728F72D13006A2A7A;
					};
					580E3B7728F72D14006A2A7A = {
						CreatedOnToolsVersion = 14.0;
						TestTargetID = 580E3B5728F72D13006A2A7A;
					};
				};
			};
			buildConfigurationList = 580E3B5328F72D13006A2A7A /* Build configuration list for PBXProject "MovieDB" */;
			compatibilityVersion = "Xcode 14.0";
			developmentRegion = en;
			hasScannedForEncodings = 0;
			knownRegions = (
				en,
				Base,
			);
			mainGroup = 580E3B4F28F72D13006A2A7A;
			packageReferences = (
				584C0F4228F804A900A45ED0 /* XCRemoteSwiftPackageReference "IQKeyboardManager" */,
				584C0F5E28F965D100A45ED0 /* XCRemoteSwiftPackageReference "SDWebImage" */,
			);
			productRefGroup = 580E3B5928F72D13006A2A7A /* Products */;
			projectDirPath = "";
			projectRoot = "";
			targets = (
				580E3B5728F72D13006A2A7A /* MovieDB */,
				580E3B6D28F72D14006A2A7A /* MovieDBTests */,
				580E3B7728F72D14006A2A7A /* MovieDBUITests */,
			);
		};
/* End PBXProject section */

/* Begin PBXResourcesBuildPhase section */
		580E3B5628F72D13006A2A7A /* Resources */ = {
			isa = PBXResourcesBuildPhase;
			buildActionMask = 2147483647;
			files = (
				584C0F4128F7F57B00A45ED0 /* SF-Pro-Text-Medium.ttf in Resources */,
				580E3B6828F72D14006A2A7A /* LaunchScreen.storyboard in Resources */,
				584C0F3F28F7F57500A45ED0 /* SF-Pro-Text-Regular.ttf in Resources */,
				584C0F2F28F7ADCE00A45ED0 /* HomePageViewController.xib in Resources */,
				580E3B6528F72D14006A2A7A /* Assets.xcassets in Resources */,
				580E3B8F28F7306D006A2A7A /* ColorAssets.xcassets in Resources */,
				580E3B6328F72D13006A2A7A /* Main.storyboard in Resources */,
				584C0F3428F7B2C900A45ED0 /* TVShowCollectionViewCell.xib in Resources */,
				584C0F4028F7F57800A45ED0 /* SF-Pro-Text-Bold.ttf in Resources */,
			);
			runOnlyForDeploymentPostprocessing = 0;
		};
		580E3B6C28F72D14006A2A7A /* Resources */ = {
			isa = PBXResourcesBuildPhase;
			buildActionMask = 2147483647;
			files = (
			);
			runOnlyForDeploymentPostprocessing = 0;
		};
		580E3B7628F72D14006A2A7A /* Resources */ = {
			isa = PBXResourcesBuildPhase;
			buildActionMask = 2147483647;
			files = (
			);
			runOnlyForDeploymentPostprocessing = 0;
		};
/* End PBXResourcesBuildPhase section */

/* Begin PBXSourcesBuildPhase section */
		580E3B5428F72D13006A2A7A /* Sources */ = {
			isa = PBXSourcesBuildPhase;
			buildActionMask = 2147483647;
			files = (
				584C0F3828F7EE4600A45ED0 /* UIViewController+Extensions.swift in Sources */,
				584C0F2E28F7ADCE00A45ED0 /* HomePageViewController.swift in Sources */,
				584C0F3328F7B2C900A45ED0 /* TVShowCollectionViewCell.swift in Sources */,
				584C0F4E28F81FDC00A45ED0 /* NetworkingErrorHandler.swift in Sources */,
				584C0F5A28F8B9E700A45ED0 /* NetworkServiceProtocol.swift in Sources */,
				584C0F4828F8139600A45ED0 /* UIView+Extensions.swift in Sources */,
				584C0F5028F81FF400A45ED0 /* NetworkClass.swift in Sources */,
				584C0F5828F8910600A45ED0 /* StructToModelAllCategories.swift in Sources */,
				584C0F5228F83E3800A45ED0 /* MovieModel.swift in Sources */,
				580E3B6028F72D13006A2A7A /* ViewController.swift in Sources */,
				584C0F4C28F81FBF00A45ED0 /* CustomError.swift in Sources */,
				584C0F3A28F7EE9300A45ED0 /* Constants.swift in Sources */,
				584C0F5428F8408F00A45ED0 /* ApiEndPointHandler.swift in Sources */,
				584C0F4628F809A600A45ED0 /* UICollectionViewGenericDelegate.swift in Sources */,
				580E3B5C28F72D13006A2A7A /* AppDelegate.swift in Sources */,
				580E3B5E28F72D13006A2A7A /* SceneDelegate.swift in Sources */,
				584C0F5628F8473B00A45ED0 /* HomePageViewModel.swift in Sources */,
			);
			runOnlyForDeploymentPostprocessing = 0;
		};
		580E3B6A28F72D14006A2A7A /* Sources */ = {
			isa = PBXSourcesBuildPhase;
			buildActionMask = 2147483647;
			files = (
				580E3B7328F72D14006A2A7A /* MovieDBTests.swift in Sources */,
			);
			runOnlyForDeploymentPostprocessing = 0;
		};
		580E3B7428F72D14006A2A7A /* Sources */ = {
			isa = PBXSourcesBuildPhase;
			buildActionMask = 2147483647;
			files = (
			);
			runOnlyForDeploymentPostprocessing = 0;
		};
/* End PBXSourcesBuildPhase section */

/* Begin PBXTargetDependency section */
		580E3B7028F72D14006A2A7A /* PBXTargetDependency */ = {
			isa = PBXTargetDependency;
			target = 580E3B5728F72D13006A2A7A /* MovieDB */;
			targetProxy = 580E3B6F28F72D14006A2A7A /* PBXContainerItemProxy */;
		};
		580E3B7A28F72D14006A2A7A /* PBXTargetDependency */ = {
			isa = PBXTargetDependency;
			target = 580E3B5728F72D13006A2A7A /* MovieDB */;
			targetProxy = 580E3B7928F72D14006A2A7A /* PBXContainerItemProxy */;
		};
/* End PBXTargetDependency section */

/* Begin PBXVariantGroup section */
		580E3B6128F72D13006A2A7A /* Main.storyboard */ = {
			isa = PBXVariantGroup;
			children = (
				580E3B6228F72D13006A2A7A /* Base */,
			);
			name = Main.storyboard;
			sourceTree = "<group>";
		};
		580E3B6628F72D14006A2A7A /* LaunchScreen.storyboard */ = {
			isa = PBXVariantGroup;
			children = (
				580E3B6728F72D14006A2A7A /* Base */,
			);
			name = LaunchScreen.storyboard;
			sourceTree = "<group>";
		};
/* End PBXVariantGroup section */

/* Begin XCBuildConfiguration section */
		580E3B8028F72D14006A2A7A /* Debug */ = {
			isa = XCBuildConfiguration;
			buildSettings = {
				ALWAYS_SEARCH_USER_PATHS = NO;
				CLANG_ANALYZER_NONNULL = YES;
				CLANG_ANALYZER_NUMBER_OBJECT_CONVERSION = YES_AGGRESSIVE;
				CLANG_CXX_LANGUAGE_STANDARD = "gnu++20";
				CLANG_ENABLE_MODULES = YES;
				CLANG_ENABLE_OBJC_ARC = YES;
				CLANG_ENABLE_OBJC_WEAK = YES;
				CLANG_WARN_BLOCK_CAPTURE_AUTORELEASING = YES;
				CLANG_WARN_BOOL_CONVERSION = YES;
				CLANG_WARN_COMMA = YES;
				CLANG_WARN_CONSTANT_CONVERSION = YES;
				CLANG_WARN_DEPRECATED_OBJC_IMPLEMENTATIONS = YES;
				CLANG_WARN_DIRECT_OBJC_ISA_USAGE = YES_ERROR;
				CLANG_WARN_DOCUMENTATION_COMMENTS = YES;
				CLANG_WARN_EMPTY_BODY = YES;
				CLANG_WARN_ENUM_CONVERSION = YES;
				CLANG_WARN_INFINITE_RECURSION = YES;
				CLANG_WARN_INT_CONVERSION = YES;
				CLANG_WARN_NON_LITERAL_NULL_CONVERSION = YES;
				CLANG_WARN_OBJC_IMPLICIT_RETAIN_SELF = YES;
				CLANG_WARN_OBJC_LITERAL_CONVERSION = YES;
				CLANG_WARN_OBJC_ROOT_CLASS = YES_ERROR;
				CLANG_WARN_QUOTED_INCLUDE_IN_FRAMEWORK_HEADER = YES;
				CLANG_WARN_RANGE_LOOP_ANALYSIS = YES;
				CLANG_WARN_STRICT_PROTOTYPES = YES;
				CLANG_WARN_SUSPICIOUS_MOVE = YES;
				CLANG_WARN_UNGUARDED_AVAILABILITY = YES_AGGRESSIVE;
				CLANG_WARN_UNREACHABLE_CODE = YES;
				CLANG_WARN__DUPLICATE_METHOD_MATCH = YES;
				COPY_PHASE_STRIP = NO;
				DEBUG_INFORMATION_FORMAT = dwarf;
				ENABLE_STRICT_OBJC_MSGSEND = YES;
				ENABLE_TESTABILITY = YES;
				GCC_C_LANGUAGE_STANDARD = gnu11;
				GCC_DYNAMIC_NO_PIC = NO;
				GCC_NO_COMMON_BLOCKS = YES;
				GCC_OPTIMIZATION_LEVEL = 0;
				GCC_PREPROCESSOR_DEFINITIONS = (
					"DEBUG=1",
					"$(inherited)",
				);
				GCC_WARN_64_TO_32_BIT_CONVERSION = YES;
				GCC_WARN_ABOUT_RETURN_TYPE = YES_ERROR;
				GCC_WARN_UNDECLARED_SELECTOR = YES;
				GCC_WARN_UNINITIALIZED_AUTOS = YES_AGGRESSIVE;
				GCC_WARN_UNUSED_FUNCTION = YES;
				GCC_WARN_UNUSED_VARIABLE = YES;
				IPHONEOS_DEPLOYMENT_TARGET = 13.0;
				MTL_ENABLE_DEBUG_INFO = INCLUDE_SOURCE;
				MTL_FAST_MATH = YES;
				ONLY_ACTIVE_ARCH = YES;
				SDKROOT = iphoneos;
				SWIFT_ACTIVE_COMPILATION_CONDITIONS = DEBUG;
				SWIFT_OPTIMIZATION_LEVEL = "-Onone";
			};
			name = Debug;
		};
		580E3B8128F72D14006A2A7A /* Release */ = {
			isa = XCBuildConfiguration;
			buildSettings = {
				ALWAYS_SEARCH_USER_PATHS = NO;
				CLANG_ANALYZER_NONNULL = YES;
				CLANG_ANALYZER_NUMBER_OBJECT_CONVERSION = YES_AGGRESSIVE;
				CLANG_CXX_LANGUAGE_STANDARD = "gnu++20";
				CLANG_ENABLE_MODULES = YES;
				CLANG_ENABLE_OBJC_ARC = YES;
				CLANG_ENABLE_OBJC_WEAK = YES;
				CLANG_WARN_BLOCK_CAPTURE_AUTORELEASING = YES;
				CLANG_WARN_BOOL_CONVERSION = YES;
				CLANG_WARN_COMMA = YES;
				CLANG_WARN_CONSTANT_CONVERSION = YES;
				CLANG_WARN_DEPRECATED_OBJC_IMPLEMENTATIONS = YES;
				CLANG_WARN_DIRECT_OBJC_ISA_USAGE = YES_ERROR;
				CLANG_WARN_DOCUMENTATION_COMMENTS = YES;
				CLANG_WARN_EMPTY_BODY = YES;
				CLANG_WARN_ENUM_CONVERSION = YES;
				CLANG_WARN_INFINITE_RECURSION = YES;
				CLANG_WARN_INT_CONVERSION = YES;
				CLANG_WARN_NON_LITERAL_NULL_CONVERSION = YES;
				CLANG_WARN_OBJC_IMPLICIT_RETAIN_SELF = YES;
				CLANG_WARN_OBJC_LITERAL_CONVERSION = YES;
				CLANG_WARN_OBJC_ROOT_CLASS = YES_ERROR;
				CLANG_WARN_QUOTED_INCLUDE_IN_FRAMEWORK_HEADER = YES;
				CLANG_WARN_RANGE_LOOP_ANALYSIS = YES;
				CLANG_WARN_STRICT_PROTOTYPES = YES;
				CLANG_WARN_SUSPICIOUS_MOVE = YES;
				CLANG_WARN_UNGUARDED_AVAILABILITY = YES_AGGRESSIVE;
				CLANG_WARN_UNREACHABLE_CODE = YES;
				CLANG_WARN__DUPLICATE_METHOD_MATCH = YES;
				COPY_PHASE_STRIP = NO;
				DEBUG_INFORMATION_FORMAT = "dwarf-with-dsym";
				ENABLE_NS_ASSERTIONS = NO;
				ENABLE_STRICT_OBJC_MSGSEND = YES;
				GCC_C_LANGUAGE_STANDARD = gnu11;
				GCC_NO_COMMON_BLOCKS = YES;
				GCC_WARN_64_TO_32_BIT_CONVERSION = YES;
				GCC_WARN_ABOUT_RETURN_TYPE = YES_ERROR;
				GCC_WARN_UNDECLARED_SELECTOR = YES;
				GCC_WARN_UNINITIALIZED_AUTOS = YES_AGGRESSIVE;
				GCC_WARN_UNUSED_FUNCTION = YES;
				GCC_WARN_UNUSED_VARIABLE = YES;
				IPHONEOS_DEPLOYMENT_TARGET = 13.0;
				MTL_ENABLE_DEBUG_INFO = NO;
				MTL_FAST_MATH = YES;
				SDKROOT = iphoneos;
				SWIFT_COMPILATION_MODE = wholemodule;
				SWIFT_OPTIMIZATION_LEVEL = "-O";
				VALIDATE_PRODUCT = YES;
			};
			name = Release;
		};
		580E3B8328F72D14006A2A7A /* Debug */ = {
			isa = XCBuildConfiguration;
			buildSettings = {
				ASSETCATALOG_COMPILER_APPICON_NAME = AppIcon;
				ASSETCATALOG_COMPILER_GLOBAL_ACCENT_COLOR_NAME = AccentColor;
				CODE_SIGN_STYLE = Automatic;
				CURRENT_PROJECT_VERSION = 1;
				DEVELOPMENT_TEAM = JLHRL3S43P;
				GENERATE_INFOPLIST_FILE = YES;
				INFOPLIST_FILE = MovieDB/Info.plist;
				INFOPLIST_KEY_CFBundleDisplayName = "";
				INFOPLIST_KEY_LSApplicationCategoryType = "";
				INFOPLIST_KEY_UIApplicationSupportsIndirectInputEvents = YES;
				INFOPLIST_KEY_UILaunchStoryboardName = LaunchScreen;
				INFOPLIST_KEY_UIMainStoryboardFile = Main;
				INFOPLIST_KEY_UISupportedInterfaceOrientations = UIInterfaceOrientationPortrait;
				LD_RUNPATH_SEARCH_PATHS = (
					"$(inherited)",
					"@executable_path/Frameworks",
				);
				MARKETING_VERSION = 1.0;
				PRODUCT_BUNDLE_IDENTIFIER = something.MovieDB;
				PRODUCT_NAME = "$(TARGET_NAME)";
				SWIFT_EMIT_LOC_STRINGS = YES;
				SWIFT_VERSION = 5.0;
				TARGETED_DEVICE_FAMILY = "1,2";
			};
			name = Debug;
		};
		580E3B8428F72D14006A2A7A /* Release */ = {
			isa = XCBuildConfiguration;
			buildSettings = {
				ASSETCATALOG_COMPILER_APPICON_NAME = AppIcon;
				ASSETCATALOG_COMPILER_GLOBAL_ACCENT_COLOR_NAME = AccentColor;
				CODE_SIGN_STYLE = Automatic;
				CURRENT_PROJECT_VERSION = 1;
				DEVELOPMENT_TEAM = JLHRL3S43P;
				GENERATE_INFOPLIST_FILE = YES;
				INFOPLIST_FILE = MovieDB/Info.plist;
				INFOPLIST_KEY_CFBundleDisplayName = "";
				INFOPLIST_KEY_LSApplicationCategoryType = "";
				INFOPLIST_KEY_UIApplicationSupportsIndirectInputEvents = YES;
				INFOPLIST_KEY_UILaunchStoryboardName = LaunchScreen;
				INFOPLIST_KEY_UIMainStoryboardFile = Main;
				INFOPLIST_KEY_UISupportedInterfaceOrientations = UIInterfaceOrientationPortrait;
				LD_RUNPATH_SEARCH_PATHS = (
					"$(inherited)",
					"@executable_path/Frameworks",
				);
				MARKETING_VERSION = 1.0;
				PRODUCT_BUNDLE_IDENTIFIER = something.MovieDB;
				PRODUCT_NAME = "$(TARGET_NAME)";
				SWIFT_EMIT_LOC_STRINGS = YES;
				SWIFT_VERSION = 5.0;
				TARGETED_DEVICE_FAMILY = "1,2";
			};
			name = Release;
		};
		580E3B8628F72D14006A2A7A /* Debug */ = {
			isa = XCBuildConfiguration;
			buildSettings = {
				ALWAYS_EMBED_SWIFT_STANDARD_LIBRARIES = YES;
				BUNDLE_LOADER = "$(TEST_HOST)";
				CODE_SIGN_STYLE = Automatic;
				CURRENT_PROJECT_VERSION = 1;
				DEVELOPMENT_TEAM = JLHRL3S43P;
				GENERATE_INFOPLIST_FILE = YES;
				IPHONEOS_DEPLOYMENT_TARGET = 16.0;
				MARKETING_VERSION = 1.0;
				PRODUCT_BUNDLE_IDENTIFIER = something.MovieDBTests;
				PRODUCT_NAME = "$(TARGET_NAME)";
				SWIFT_EMIT_LOC_STRINGS = NO;
				SWIFT_VERSION = 5.0;
				TARGETED_DEVICE_FAMILY = "1,2";
				TEST_HOST = "$(BUILT_PRODUCTS_DIR)/MovieDB.app/$(BUNDLE_EXECUTABLE_FOLDER_PATH)/MovieDB";
			};
			name = Debug;
		};
		580E3B8728F72D14006A2A7A /* Release */ = {
			isa = XCBuildConfiguration;
			buildSettings = {
				ALWAYS_EMBED_SWIFT_STANDARD_LIBRARIES = YES;
				BUNDLE_LOADER = "$(TEST_HOST)";
				CODE_SIGN_STYLE = Automatic;
				CURRENT_PROJECT_VERSION = 1;
				DEVELOPMENT_TEAM = JLHRL3S43P;
				GENERATE_INFOPLIST_FILE = YES;
				IPHONEOS_DEPLOYMENT_TARGET = 16.0;
				MARKETING_VERSION = 1.0;
				PRODUCT_BUNDLE_IDENTIFIER = something.MovieDBTests;
				PRODUCT_NAME = "$(TARGET_NAME)";
				SWIFT_EMIT_LOC_STRINGS = NO;
				SWIFT_VERSION = 5.0;
				TARGETED_DEVICE_FAMILY = "1,2";
				TEST_HOST = "$(BUILT_PRODUCTS_DIR)/MovieDB.app/$(BUNDLE_EXECUTABLE_FOLDER_PATH)/MovieDB";
			};
			name = Release;
		};
		580E3B8928F72D14006A2A7A /* Debug */ = {
			isa = XCBuildConfiguration;
			buildSettings = {
				ALWAYS_EMBED_SWIFT_STANDARD_LIBRARIES = YES;
				CODE_SIGN_STYLE = Automatic;
				CURRENT_PROJECT_VERSION = 1;
				DEVELOPMENT_TEAM = JLHRL3S43P;
				GENERATE_INFOPLIST_FILE = YES;
				MARKETING_VERSION = 1.0;
				PRODUCT_BUNDLE_IDENTIFIER = something.MovieDBUITests;
				PRODUCT_NAME = "$(TARGET_NAME)";
				SWIFT_EMIT_LOC_STRINGS = NO;
				SWIFT_VERSION = 5.0;
				TARGETED_DEVICE_FAMILY = "1,2";
				TEST_TARGET_NAME = MovieDB;
			};
			name = Debug;
		};
		580E3B8A28F72D14006A2A7A /* Release */ = {
			isa = XCBuildConfiguration;
			buildSettings = {
				ALWAYS_EMBED_SWIFT_STANDARD_LIBRARIES = YES;
				CODE_SIGN_STYLE = Automatic;
				CURRENT_PROJECT_VERSION = 1;
				DEVELOPMENT_TEAM = JLHRL3S43P;
				GENERATE_INFOPLIST_FILE = YES;
				MARKETING_VERSION = 1.0;
				PRODUCT_BUNDLE_IDENTIFIER = something.MovieDBUITests;
				PRODUCT_NAME = "$(TARGET_NAME)";
				SWIFT_EMIT_LOC_STRINGS = NO;
				SWIFT_VERSION = 5.0;
				TARGETED_DEVICE_FAMILY = "1,2";
				TEST_TARGET_NAME = MovieDB;
			};
			name = Release;
		};
/* End XCBuildConfiguration section */

/* Begin XCConfigurationList section */
		580E3B5328F72D13006A2A7A /* Build configuration list for PBXProject "MovieDB" */ = {
			isa = XCConfigurationList;
			buildConfigurations = (
				580E3B8028F72D14006A2A7A /* Debug */,
				580E3B8128F72D14006A2A7A /* Release */,
			);
			defaultConfigurationIsVisible = 0;
			defaultConfigurationName = Release;
		};
		580E3B8228F72D14006A2A7A /* Build configuration list for PBXNativeTarget "MovieDB" */ = {
			isa = XCConfigurationList;
			buildConfigurations = (
				580E3B8328F72D14006A2A7A /* Debug */,
				580E3B8428F72D14006A2A7A /* Release */,
			);
			defaultConfigurationIsVisible = 0;
			defaultConfigurationName = Release;
		};
		580E3B8528F72D14006A2A7A /* Build configuration list for PBXNativeTarget "MovieDBTests" */ = {
			isa = XCConfigurationList;
			buildConfigurations = (
				580E3B8628F72D14006A2A7A /* Debug */,
				580E3B8728F72D14006A2A7A /* Release */,
			);
			defaultConfigurationIsVisible = 0;
			defaultConfigurationName = Release;
		};
		580E3B8828F72D14006A2A7A /* Build configuration list for PBXNativeTarget "MovieDBUITests" */ = {
			isa = XCConfigurationList;
			buildConfigurations = (
				580E3B8928F72D14006A2A7A /* Debug */,
				580E3B8A28F72D14006A2A7A /* Release */,
			);
			defaultConfigurationIsVisible = 0;
			defaultConfigurationName = Release;
		};
/* End XCConfigurationList section */

/* Begin XCRemoteSwiftPackageReference section */
		584C0F4228F804A900A45ED0 /* XCRemoteSwiftPackageReference "IQKeyboardManager" */ = {
			isa = XCRemoteSwiftPackageReference;
			repositoryURL = "https://github.com/hackiftekhar/IQKeyboardManager";
			requirement = {
				branch = master;
				kind = branch;
			};
		};
		584C0F5E28F965D100A45ED0 /* XCRemoteSwiftPackageReference "SDWebImage" */ = {
			isa = XCRemoteSwiftPackageReference;
			repositoryURL = "https://github.com/SDWebImage/SDWebImage";
			requirement = {
				branch = master;
				kind = branch;
			};
		};
/* End XCRemoteSwiftPackageReference section */

/* Begin XCSwiftPackageProductDependency section */
		584C0F4328F804A900A45ED0 /* IQKeyboardManagerSwift */ = {
			isa = XCSwiftPackageProductDependency;
			package = 584C0F4228F804A900A45ED0 /* XCRemoteSwiftPackageReference "IQKeyboardManager" */;
			productName = IQKeyboardManagerSwift;
		};
		584C0F5F28F965D100A45ED0 /* SDWebImage */ = {
			isa = XCSwiftPackageProductDependency;
			package = 584C0F5E28F965D100A45ED0 /* XCRemoteSwiftPackageReference "SDWebImage" */;
			productName = SDWebImage;
		};
/* End XCSwiftPackageProductDependency section */
	};
	rootObject = 580E3B5028F72D13006A2A7A /* Project object */;
}
